# This file was autogenerated by Stack.
# You should not edit this file by hand.
# For more information, please see the documentation at:
#   https://docs.haskellstack.org/en/stable/lock_files

packages:
- completed:
    hackage: diffarray-0.1.1@sha256:7a1d9453e8ba5452163513edd7f331b1b28b57446d98267438c93ffda6d94130,497
    pantry-tree:
      sha256: 24c3ff0fec868eeeb43226d6960a32d26a80fa88fc3b27afb9d76a6ccff2dae9
      size: 212
  original:
    hackage: diffarray-0.1.1
- completed:
    hackage: mtl-2.3.1@sha256:5377696d7315e2ef31a8d15d67b22d733c20cac2caf8b26756ff8524c8217e6d,1868
    pantry-tree:
      sha256: ac3cf1dc9ef397512d4bf8f2c3fbe4d64fb8aabd253288b34bf86c09ae234d4f
      size: 1853
  original:
    hackage: mtl-2.3.1
snapshots: []
